// !$*UTF8*$!
{
	archiveVersion = 1;
	classes = {
	};
	objectVersion = 60;
	objects = {

/* Begin PBXBuildFile section */
		C00000000000000000000001 /* VaultSquireApp.swift in Sources */ = {isa = PBXBuildFile; fileRef = B00000000000000000000001 /* VaultSquireApp.swift */; };
		C00000000000000000000002 /* AppDelegate.swift in Sources */ = {isa = PBXBuildFile; fileRef = B00000000000000000000002 /* AppDelegate.swift */; };
		C00000000000000000000003 /* AppModel.swift in Sources */ = {isa = PBXBuildFile; fileRef = B00000000000000000000003 /* AppModel.swift */; };
		C00000000000000000000004 /* ApplicationCoordinator.swift in Sources */ = {isa = PBXBuildFile; fileRef = B00000000000000000000004 /* ApplicationCoordinator.swift */; };
		C00000000000000000000005 /* WindowRestorationDisabler.swift in Sources */ = {isa = PBXBuildFile; fileRef = B00000000000000000000005 /* WindowRestorationDisabler.swift */; };
		C00000000000000000000006 /* LockedShellView.swift in Sources */ = {isa = PBXBuildFile; fileRef = B00000000000000000000006 /* LockedShellView.swift */; };
		C00000000000000000000007 /* QuickSearchPanelController.swift in Sources */ = {isa = PBXBuildFile; fileRef = B00000000000000000000007 /* QuickSearchPanelController.swift */; };
		C00000000000000000000008 /* QuickSearchPanelModel.swift in Sources */ = {isa = PBXBuildFile; fileRef = B00000000000000000000008 /* QuickSearchPanelModel.swift */; };
		C00000000000000000000009 /* QuickSearchView.swift in Sources */ = {isa = PBXBuildFile; fileRef = B00000000000000000000009 /* QuickSearchView.swift */; };
		C0000000000000000000000A /* SettingsView.swift in Sources */ = {isa = PBXBuildFile; fileRef = B0000000000000000000000A /* SettingsView.swift */; };
		C0000000000000000000000B /* SandboxProcessProbeView.swift in Sources */ = {isa = PBXBuildFile; fileRef = B0000000000000000000000B /* SandboxProcessProbeView.swift */; };
		C0000000000000000000000C /* AppLog.swift in Sources */ = {isa = PBXBuildFile; fileRef = B0000000000000000000000C /* AppLog.swift */; };
		C0000000000000000000000D /* PerformanceTrace.swift in Sources */ = {isa = PBXBuildFile; fileRef = B0000000000000000000000D /* PerformanceTrace.swift */; };
		C0000000000000000000000E /* ProcessProbe.swift in Sources */ = {isa = PBXBuildFile; fileRef = B0000000000000000000000E /* ProcessProbe.swift */; };
		C00000000000000000000011 /* AppModelTests.swift in Sources */ = {isa = PBXBuildFile; fileRef = B00000000000000000000011 /* AppModelTests.swift */; };
		C00000000000000000000012 /* DiagnosticsTests.swift in Sources */ = {isa = PBXBuildFile; fileRef = B00000000000000000000012 /* DiagnosticsTests.swift */; };
		C00000000000000000000013 /* ProcessProbeTests.swift in Sources */ = {isa = PBXBuildFile; fileRef = B00000000000000000000013 /* ProcessProbeTests.swift */; };
		C00000000000000000000014 /* QuickSearchPanelTests.swift in Sources */ = {isa = PBXBuildFile; fileRef = B00000000000000000000014 /* QuickSearchPanelTests.swift */; };
		C00000000000000000000016 /* VaultSquireUITests.swift in Sources */ = {isa = PBXBuildFile; fileRef = B00000000000000000000016 /* VaultSquireUITests.swift */; };
		C00000000000000000000017 /* VaultSquireLaunchPerformanceTests.swift in Sources */ = {isa = PBXBuildFile; fileRef = B00000000000000000000017 /* VaultSquireLaunchPerformanceTests.swift */; };
		C00000000000000000000018 /* VaultSquireQuickSearchPerformanceTests.swift in Sources */ = {isa = PBXBuildFile; fileRef = B0000000000000000000001B /* VaultSquireQuickSearchPerformanceTests.swift */; };
		C00000000000000000000019 /* ProviderIdentity.swift in Sources */ = {isa = PBXBuildFile; fileRef = B0000000000000000000001C /* ProviderIdentity.swift */; };
		C0000000000000000000001A /* SessionState.swift in Sources */ = {isa = PBXBuildFile; fileRef = B0000000000000000000001D /* SessionState.swift */; };
		C0000000000000000000001B /* ProviderCapability.swift in Sources */ = {isa = PBXBuildFile; fileRef = B0000000000000000000001E /* ProviderCapability.swift */; };
		C0000000000000000000001C /* ProviderCacheEnvelope.swift in Sources */ = {isa = PBXBuildFile; fileRef = B0000000000000000000001F /* ProviderCacheEnvelope.swift */; };
		C0000000000000000000001D /* VaultItemProjection.swift in Sources */ = {isa = PBXBuildFile; fileRef = B00000000000000000000020 /* VaultItemProjection.swift */; };
		C0000000000000000000001E /* VaultProviderFacade.swift in Sources */ = {isa = PBXBuildFile; fileRef = B00000000000000000000021 /* VaultProviderFacade.swift */; };
		C0000000000000000000001F /* VaultSession.swift in Sources */ = {isa = PBXBuildFile; fileRef = B00000000000000000000022 /* VaultSession.swift */; };
		C00000000000000000000020 /* FakeVaultProvider.swift in Sources */ = {isa = PBXBuildFile; fileRef = B00000000000000000000023 /* FakeVaultProvider.swift */; };
		C00000000000000000000021 /* ProviderIdentityTests.swift in Sources */ = {isa = PBXBuildFile; fileRef = B00000000000000000000024 /* ProviderIdentityTests.swift */; };
		C00000000000000000000022 /* ProviderCapabilityTests.swift in Sources */ = {isa = PBXBuildFile; fileRef = B00000000000000000000025 /* ProviderCapabilityTests.swift */; };
		C00000000000000000000023 /* ProviderCacheEnvelopeTests.swift in Sources */ = {isa = PBXBuildFile; fileRef = B00000000000000000000026 /* ProviderCacheEnvelopeTests.swift */; };
		C00000000000000000000024 /* VaultSessionTests.swift in Sources */ = {isa = PBXBuildFile; fileRef = B00000000000000000000027 /* VaultSessionTests.swift */; };
		C00000000000000000000025 /* VaultwardenCryptoError.swift in Sources */ = {isa = PBXBuildFile; fileRef = B00000000000000000000028 /* VaultwardenCryptoError.swift */; };
		C00000000000000000000026 /* VaultwardenKeyDerivation.swift in Sources */ = {isa = PBXBuildFile; fileRef = B00000000000000000000029 /* VaultwardenKeyDerivation.swift */; };
		C00000000000000000000027 /* VaultwardenEncString.swift in Sources */ = {isa = PBXBuildFile; fileRef = B0000000000000000000002A /* VaultwardenEncString.swift */; };
		C00000000000000000000028 /* VaultwardenKeyUnwrap.swift in Sources */ = {isa = PBXBuildFile; fileRef = B0000000000000000000002B /* VaultwardenKeyUnwrap.swift */; };
		C00000000000000000000029 /* VaultwardenCryptoFixtures.swift in Sources */ = {isa = PBXBuildFile; fileRef = B0000000000000000000002C /* VaultwardenCryptoFixtures.swift */; };
		C0000000000000000000002A /* VaultwardenKeyDerivationTests.swift in Sources */ = {isa = PBXBuildFile; fileRef = B0000000000000000000002D /* VaultwardenKeyDerivationTests.swift */; };
		C0000000000000000000002B /* VaultwardenEncStringTests.swift in Sources */ = {isa = PBXBuildFile; fileRef = B0000000000000000000002E /* VaultwardenEncStringTests.swift */; };
		C0000000000000000000002C /* VaultwardenKeyUnwrapTests.swift in Sources */ = {isa = PBXBuildFile; fileRef = B0000000000000000000002F /* VaultwardenKeyUnwrapTests.swift */; };
		C0000000000000000000002D /* VaultwardenCryptoFuzzTests.swift in Sources */ = {isa = PBXBuildFile; fileRef = B00000000000000000000030 /* VaultwardenCryptoFuzzTests.swift */; };
		C0000000000000000000002E /* VaultwardenEnvironment.swift in Sources */ = {isa = PBXBuildFile; fileRef = B00000000000000000000031 /* VaultwardenEnvironment.swift */; };
		C0000000000000000000002F /* VaultwardenAPIError.swift in Sources */ = {isa = PBXBuildFile; fileRef = B00000000000000000000032 /* VaultwardenAPIError.swift */; };
		C00000000000000000000030 /* VaultwardenWireModels.swift in Sources */ = {isa = PBXBuildFile; fileRef = B00000000000000000000033 /* VaultwardenWireModels.swift */; };
		C00000000000000000000031 /* VaultwardenTwoFactor.swift in Sources */ = {isa = PBXBuildFile; fileRef = B00000000000000000000034 /* VaultwardenTwoFactor.swift */; };
		C00000000000000000000032 /* VaultwardenTransport.swift in Sources */ = {isa = PBXBuildFile; fileRef = B00000000000000000000035 /* VaultwardenTransport.swift */; };
		C00000000000000000000033 /* VaultwardenAuthenticator.swift in Sources */ = {isa = PBXBuildFile; fileRef = B00000000000000000000036 /* VaultwardenAuthenticator.swift */; };
		C00000000000000000000034 /* VaultwardenTokenRefresher.swift in Sources */ = {isa = PBXBuildFile; fileRef = B00000000000000000000037 /* VaultwardenTokenRefresher.swift */; };
		C00000000000000000000035 /* VaultwardenNetworkTestSupport.swift in Sources */ = {isa = PBXBuildFile; fileRef = B00000000000000000000038 /* VaultwardenNetworkTestSupport.swift */; };
		C00000000000000000000036 /* VaultwardenEnvironmentTests.swift in Sources */ = {isa = PBXBuildFile; fileRef = B00000000000000000000039 /* VaultwardenEnvironmentTests.swift */; };
		C00000000000000000000037 /* VaultwardenTransportTests.swift in Sources */ = {isa = PBXBuildFile; fileRef = B0000000000000000000003A /* VaultwardenTransportTests.swift */; };
		C00000000000000000000038 /* VaultwardenErrorTests.swift in Sources */ = {isa = PBXBuildFile; fileRef = B0000000000000000000003B /* VaultwardenErrorTests.swift */; };
		C00000000000000000000039 /* VaultwardenAuthenticatorTests.swift in Sources */ = {isa = PBXBuildFile; fileRef = B0000000000000000000003C /* VaultwardenAuthenticatorTests.swift */; };
		C0000000000000000000003A /* VaultwardenTokenRefresherTests.swift in Sources */ = {isa = PBXBuildFile; fileRef = B0000000000000000000003D /* VaultwardenTokenRefresherTests.swift */; };
		C0000000000000000000003B /* VaultwardenLeakageTests.swift in Sources */ = {isa = PBXBuildFile; fileRef = B0000000000000000000003E /* VaultwardenLeakageTests.swift */; };
		C0000000000000000000003C /* VaultwardenCredentialStore.swift in Sources */ = {isa = PBXBuildFile; fileRef = B0000000000000000000003F /* VaultwardenCredentialStore.swift */; };
		C0000000000000000000003D /* KeychainCredentialStore.swift in Sources */ = {isa = PBXBuildFile; fileRef = B00000000000000000000040 /* KeychainCredentialStore.swift */; };
		C0000000000000000000003E /* VaultwardenDeviceIdentityStore.swift in Sources */ = {isa = PBXBuildFile; fileRef = B00000000000000000000041 /* VaultwardenDeviceIdentityStore.swift */; };
		C0000000000000000000003F /* AddAccountModel.swift in Sources */ = {isa = PBXBuildFile; fileRef = B00000000000000000000042 /* AddAccountModel.swift */; };
		C00000000000000000000040 /* AddAccountView.swift in Sources */ = {isa = PBXBuildFile; fileRef = B00000000000000000000043 /* AddAccountView.swift */; };
		C00000000000000000000041 /* TwoFactorChallengeView.swift in Sources */ = {isa = PBXBuildFile; fileRef = B00000000000000000000044 /* TwoFactorChallengeView.swift */; };
		C00000000000000000000042 /* VaultwardenCredentialStoreSupport.swift in Sources */ = {isa = PBXBuildFile; fileRef = B00000000000000000000045 /* VaultwardenCredentialStoreSupport.swift */; };
		C00000000000000000000043 /* VaultwardenCredentialStoreTests.swift in Sources */ = {isa = PBXBuildFile; fileRef = B00000000000000000000046 /* VaultwardenCredentialStoreTests.swift */; };
		C00000000000000000000044 /* AddAccountModelTests.swift in Sources */ = {isa = PBXBuildFile; fileRef = B00000000000000000000047 /* AddAccountModelTests.swift */; };
		C00000000000000000000045 /* EncryptedStore.swift in Sources */ = {isa = PBXBuildFile; fileRef = B00000000000000000000048 /* EncryptedStore.swift */; };
		C00000000000000000000046 /* EncryptedStoreSchema.swift in Sources */ = {isa = PBXBuildFile; fileRef = B00000000000000000000049 /* EncryptedStoreSchema.swift */; };
		C00000000000000000000047 /* CacheEnvelopeCipher.swift in Sources */ = {isa = PBXBuildFile; fileRef = B0000000000000000000004A /* CacheEnvelopeCipher.swift */; };
		C00000000000000000000048 /* EncryptedStoreSupport.swift in Sources */ = {isa = PBXBuildFile; fileRef = B0000000000000000000004B /* EncryptedStoreSupport.swift */; };
		C00000000000000000000049 /* EncryptedStoreTests.swift in Sources */ = {isa = PBXBuildFile; fileRef = B0000000000000000000004C /* EncryptedStoreTests.swift */; };
		C0000000000000000000004A /* MigrationRegistryTests.swift in Sources */ = {isa = PBXBuildFile; fileRef = B0000000000000000000004D /* MigrationRegistryTests.swift */; };
		C0000000000000000000004B /* CacheEnvelopeCipherTests.swift in Sources */ = {isa = PBXBuildFile; fileRef = B0000000000000000000004E /* CacheEnvelopeCipherTests.swift */; };
/* End PBXBuildFile section */

/* Begin PBXContainerItemProxy section */
		G00000000000000000000001 /* PBXContainerItemProxy */ = {
			isa = PBXContainerItemProxy;
			containerPortal = A00000000000000000000001 /* Project object */;
			proxyType = 1;
			remoteGlobalIDString = E00000000000000000000001;
			remoteInfo = VaultSquire;
		};
		G00000000000000000000002 /* PBXContainerItemProxy */ = {
			isa = PBXContainerItemProxy;
			containerPortal = A00000000000000000000001 /* Project object */;
			proxyType = 1;
			remoteGlobalIDString = E00000000000000000000001;
			remoteInfo = VaultSquire;
		};
/* End PBXContainerItemProxy section */

/* Begin PBXFileReference section */
		B00000000000000000000001 /* VaultSquireApp.swift */ = {isa = PBXFileReference; lastKnownFileType = sourcecode.swift; path = VaultSquireApp.swift; sourceTree = "<group>"; };
		B00000000000000000000002 /* AppDelegate.swift */ = {isa = PBXFileReference; lastKnownFileType = sourcecode.swift; path = AppDelegate.swift; sourceTree = "<group>"; };
		B00000000000000000000003 /* AppModel.swift */ = {isa = PBXFileReference; lastKnownFileType = sourcecode.swift; path = AppModel.swift; sourceTree = "<group>"; };
		B00000000000000000000004 /* ApplicationCoordinator.swift */ = {isa = PBXFileReference; lastKnownFileType = sourcecode.swift; path = ApplicationCoordinator.swift; sourceTree = "<group>"; };
		B00000000000000000000005 /* WindowRestorationDisabler.swift */ = {isa = PBXFileReference; lastKnownFileType = sourcecode.swift; path = WindowRestorationDisabler.swift; sourceTree = "<group>"; };
		B00000000000000000000006 /* LockedShellView.swift */ = {isa = PBXFileReference; lastKnownFileType = sourcecode.swift; path = LockedShellView.swift; sourceTree = "<group>"; };
		B00000000000000000000007 /* QuickSearchPanelController.swift */ = {isa = PBXFileReference; lastKnownFileType = sourcecode.swift; path = QuickSearchPanelController.swift; sourceTree = "<group>"; };
		B00000000000000000000008 /* QuickSearchPanelModel.swift */ = {isa = PBXFileReference; lastKnownFileType = sourcecode.swift; path = QuickSearchPanelModel.swift; sourceTree = "<group>"; };
		B00000000000000000000009 /* QuickSearchView.swift */ = {isa = PBXFileReference; lastKnownFileType = sourcecode.swift; path = QuickSearchView.swift; sourceTree = "<group>"; };
		B0000000000000000000000A /* SettingsView.swift */ = {isa = PBXFileReference; lastKnownFileType = sourcecode.swift; path = SettingsView.swift; sourceTree = "<group>"; };
		B0000000000000000000000B /* SandboxProcessProbeView.swift */ = {isa = PBXFileReference; lastKnownFileType = sourcecode.swift; path = SandboxProcessProbeView.swift; sourceTree = "<group>"; };
		B0000000000000000000000C /* AppLog.swift */ = {isa = PBXFileReference; lastKnownFileType = sourcecode.swift; path = AppLog.swift; sourceTree = "<group>"; };
		B0000000000000000000000D /* PerformanceTrace.swift */ = {isa = PBXFileReference; lastKnownFileType = sourcecode.swift; path = PerformanceTrace.swift; sourceTree = "<group>"; };
		B0000000000000000000000E /* ProcessProbe.swift */ = {isa = PBXFileReference; lastKnownFileType = sourcecode.swift; path = ProcessProbe.swift; sourceTree = "<group>"; };
		B0000000000000000000000F /* VaultSquire.entitlements */ = {isa = PBXFileReference; lastKnownFileType = text.plist.entitlements; path = VaultSquire.entitlements; sourceTree = "<group>"; };
		B00000000000000000000010 /* VaultSquireSandbox.entitlements */ = {isa = PBXFileReference; lastKnownFileType = text.plist.entitlements; path = VaultSquireSandbox.entitlements; sourceTree = "<group>"; };
		B00000000000000000000011 /* AppModelTests.swift */ = {isa = PBXFileReference; lastKnownFileType = sourcecode.swift; path = AppModelTests.swift; sourceTree = "<group>"; };
		B00000000000000000000012 /* DiagnosticsTests.swift */ = {isa = PBXFileReference; lastKnownFileType = sourcecode.swift; path = DiagnosticsTests.swift; sourceTree = "<group>"; };
		B00000000000000000000013 /* ProcessProbeTests.swift */ = {isa = PBXFileReference; lastKnownFileType = sourcecode.swift; path = ProcessProbeTests.swift; sourceTree = "<group>"; };
		B00000000000000000000014 /* QuickSearchPanelTests.swift */ = {isa = PBXFileReference; lastKnownFileType = sourcecode.swift; path = QuickSearchPanelTests.swift; sourceTree = "<group>"; };
		B00000000000000000000016 /* VaultSquireUITests.swift */ = {isa = PBXFileReference; lastKnownFileType = sourcecode.swift; path = VaultSquireUITests.swift; sourceTree = "<group>"; };
		B00000000000000000000017 /* VaultSquireLaunchPerformanceTests.swift */ = {isa = PBXFileReference; lastKnownFileType = sourcecode.swift; path = VaultSquireLaunchPerformanceTests.swift; sourceTree = "<group>"; };
		B00000000000000000000018 /* VaultSquire.app */ = {isa = PBXFileReference; explicitFileType = wrapper.application; includeInIndex = 0; path = VaultSquire.app; sourceTree = BUILT_PRODUCTS_DIR; };
		B00000000000000000000019 /* VaultSquireTests.xctest */ = {isa = PBXFileReference; explicitFileType = wrapper.cfbundle; includeInIndex = 0; path = VaultSquireTests.xctest; sourceTree = BUILT_PRODUCTS_DIR; };
		B0000000000000000000001A /* VaultSquireUITests.xctest */ = {isa = PBXFileReference; explicitFileType = wrapper.cfbundle; includeInIndex = 0; path = VaultSquireUITests.xctest; sourceTree = BUILT_PRODUCTS_DIR; };
		B0000000000000000000001B /* VaultSquireQuickSearchPerformanceTests.swift */ = {isa = PBXFileReference; lastKnownFileType = sourcecode.swift; path = VaultSquireQuickSearchPerformanceTests.swift; sourceTree = "<group>"; };
		B0000000000000000000001C /* ProviderIdentity.swift */ = {isa = PBXFileReference; lastKnownFileType = sourcecode.swift; path = ProviderIdentity.swift; sourceTree = "<group>"; };
		B0000000000000000000001D /* SessionState.swift */ = {isa = PBXFileReference; lastKnownFileType = sourcecode.swift; path = SessionState.swift; sourceTree = "<group>"; };
		B0000000000000000000001E /* ProviderCapability.swift */ = {isa = PBXFileReference; lastKnownFileType = sourcecode.swift; path = ProviderCapability.swift; sourceTree = "<group>"; };
		B0000000000000000000001F /* ProviderCacheEnvelope.swift */ = {isa = PBXFileReference; lastKnownFileType = sourcecode.swift; path = ProviderCacheEnvelope.swift; sourceTree = "<group>"; };
		B00000000000000000000020 /* VaultItemProjection.swift */ = {isa = PBXFileReference; lastKnownFileType = sourcecode.swift; path = VaultItemProjection.swift; sourceTree = "<group>"; };
		B00000000000000000000021 /* VaultProviderFacade.swift */ = {isa = PBXFileReference; lastKnownFileType = sourcecode.swift; path = VaultProviderFacade.swift; sourceTree = "<group>"; };
		B00000000000000000000022 /* VaultSession.swift */ = {isa = PBXFileReference; lastKnownFileType = sourcecode.swift; path = VaultSession.swift; sourceTree = "<group>"; };
		B00000000000000000000023 /* FakeVaultProvider.swift */ = {isa = PBXFileReference; lastKnownFileType = sourcecode.swift; path = FakeVaultProvider.swift; sourceTree = "<group>"; };
		B00000000000000000000024 /* ProviderIdentityTests.swift */ = {isa = PBXFileReference; lastKnownFileType = sourcecode.swift; path = ProviderIdentityTests.swift; sourceTree = "<group>"; };
		B00000000000000000000025 /* ProviderCapabilityTests.swift */ = {isa = PBXFileReference; lastKnownFileType = sourcecode.swift; path = ProviderCapabilityTests.swift; sourceTree = "<group>"; };
		B00000000000000000000026 /* ProviderCacheEnvelopeTests.swift */ = {isa = PBXFileReference; lastKnownFileType = sourcecode.swift; path = ProviderCacheEnvelopeTests.swift; sourceTree = "<group>"; };
		B00000000000000000000027 /* VaultSessionTests.swift */ = {isa = PBXFileReference; lastKnownFileType = sourcecode.swift; path = VaultSessionTests.swift; sourceTree = "<group>"; };
		B00000000000000000000028 /* VaultwardenCryptoError.swift */ = {isa = PBXFileReference; lastKnownFileType = sourcecode.swift; path = VaultwardenCryptoError.swift; sourceTree = "<group>"; };
		B00000000000000000000029 /* VaultwardenKeyDerivation.swift */ = {isa = PBXFileReference; lastKnownFileType = sourcecode.swift; path = VaultwardenKeyDerivation.swift; sourceTree = "<group>"; };
		B0000000000000000000002A /* VaultwardenEncString.swift */ = {isa = PBXFileReference; lastKnownFileType = sourcecode.swift; path = VaultwardenEncString.swift; sourceTree = "<group>"; };
		B0000000000000000000002B /* VaultwardenKeyUnwrap.swift */ = {isa = PBXFileReference; lastKnownFileType = sourcecode.swift; path = VaultwardenKeyUnwrap.swift; sourceTree = "<group>"; };
		B0000000000000000000002C /* VaultwardenCryptoFixtures.swift */ = {isa = PBXFileReference; lastKnownFileType = sourcecode.swift; path = VaultwardenCryptoFixtures.swift; sourceTree = "<group>"; };
		B0000000000000000000002D /* VaultwardenKeyDerivationTests.swift */ = {isa = PBXFileReference; lastKnownFileType = sourcecode.swift; path = VaultwardenKeyDerivationTests.swift; sourceTree = "<group>"; };
		B0000000000000000000002E /* VaultwardenEncStringTests.swift */ = {isa = PBXFileReference; lastKnownFileType = sourcecode.swift; path = VaultwardenEncStringTests.swift; sourceTree = "<group>"; };
		B0000000000000000000002F /* VaultwardenKeyUnwrapTests.swift */ = {isa = PBXFileReference; lastKnownFileType = sourcecode.swift; path = VaultwardenKeyUnwrapTests.swift; sourceTree = "<group>"; };
		B00000000000000000000030 /* VaultwardenCryptoFuzzTests.swift */ = {isa = PBXFileReference; lastKnownFileType = sourcecode.swift; path = VaultwardenCryptoFuzzTests.swift; sourceTree = "<group>"; };
		B00000000000000000000031 /* VaultwardenEnvironment.swift */ = {isa = PBXFileReference; lastKnownFileType = sourcecode.swift; path = VaultwardenEnvironment.swift; sourceTree = "<group>"; };
		B00000000000000000000032 /* VaultwardenAPIError.swift */ = {isa = PBXFileReference; lastKnownFileType = sourcecode.swift; path = VaultwardenAPIError.swift; sourceTree = "<group>"; };
		B00000000000000000000033 /* VaultwardenWireModels.swift */ = {isa = PBXFileReference; lastKnownFileType = sourcecode.swift; path = VaultwardenWireModels.swift; sourceTree = "<group>"; };
		B00000000000000000000034 /* VaultwardenTwoFactor.swift */ = {isa = PBXFileReference; lastKnownFileType = sourcecode.swift; path = VaultwardenTwoFactor.swift; sourceTree = "<group>"; };
		B00000000000000000000035 /* VaultwardenTransport.swift */ = {isa = PBXFileReference; lastKnownFileType = sourcecode.swift; path = VaultwardenTransport.swift; sourceTree = "<group>"; };
		B00000000000000000000036 /* VaultwardenAuthenticator.swift */ = {isa = PBXFileReference; lastKnownFileType = sourcecode.swift; path = VaultwardenAuthenticator.swift; sourceTree = "<group>"; };
		B00000000000000000000037 /* VaultwardenTokenRefresher.swift */ = {isa = PBXFileReference; lastKnownFileType = sourcecode.swift; path = VaultwardenTokenRefresher.swift; sourceTree = "<group>"; };
		B00000000000000000000038 /* VaultwardenNetworkTestSupport.swift */ = {isa = PBXFileReference; lastKnownFileType = sourcecode.swift; path = VaultwardenNetworkTestSupport.swift; sourceTree = "<group>"; };
		B00000000000000000000039 /* VaultwardenEnvironmentTests.swift */ = {isa = PBXFileReference; lastKnownFileType = sourcecode.swift; path = VaultwardenEnvironmentTests.swift; sourceTree = "<group>"; };
		B0000000000000000000003A /* VaultwardenTransportTests.swift */ = {isa = PBXFileReference; lastKnownFileType = sourcecode.swift; path = VaultwardenTransportTests.swift; sourceTree = "<group>"; };
		B0000000000000000000003B /* VaultwardenErrorTests.swift */ = {isa = PBXFileReference; lastKnownFileType = sourcecode.swift; path = VaultwardenErrorTests.swift; sourceTree = "<group>"; };
		B0000000000000000000003C /* VaultwardenAuthenticatorTests.swift */ = {isa = PBXFileReference; lastKnownFileType = sourcecode.swift; path = VaultwardenAuthenticatorTests.swift; sourceTree = "<group>"; };
		B0000000000000000000003D /* VaultwardenTokenRefresherTests.swift */ = {isa = PBXFileReference; lastKnownFileType = sourcecode.swift; path = VaultwardenTokenRefresherTests.swift; sourceTree = "<group>"; };
		B0000000000000000000003E /* VaultwardenLeakageTests.swift */ = {isa = PBXFileReference; lastKnownFileType = sourcecode.swift; path = VaultwardenLeakageTests.swift; sourceTree = "<group>"; };
		B0000000000000000000003F /* VaultwardenCredentialStore.swift */ = {isa = PBXFileReference; lastKnownFileType = sourcecode.swift; path = VaultwardenCredentialStore.swift; sourceTree = "<group>"; };
		B00000000000000000000040 /* KeychainCredentialStore.swift */ = {isa = PBXFileReference; lastKnownFileType = sourcecode.swift; path = KeychainCredentialStore.swift; sourceTree = "<group>"; };
		B00000000000000000000041 /* VaultwardenDeviceIdentityStore.swift */ = {isa = PBXFileReference; lastKnownFileType = sourcecode.swift; path = VaultwardenDeviceIdentityStore.swift; sourceTree = "<group>"; };
		B00000000000000000000042 /* AddAccountModel.swift */ = {isa = PBXFileReference; lastKnownFileType = sourcecode.swift; path = AddAccountModel.swift; sourceTree = "<group>"; };
		B00000000000000000000043 /* AddAccountView.swift */ = {isa = PBXFileReference; lastKnownFileType = sourcecode.swift; path = AddAccountView.swift; sourceTree = "<group>"; };
		B00000000000000000000044 /* TwoFactorChallengeView.swift */ = {isa = PBXFileReference; lastKnownFileType = sourcecode.swift; path = TwoFactorChallengeView.swift; sourceTree = "<group>"; };
		B00000000000000000000045 /* VaultwardenCredentialStoreSupport.swift */ = {isa = PBXFileReference; lastKnownFileType = sourcecode.swift; path = VaultwardenCredentialStoreSupport.swift; sourceTree = "<group>"; };
		B00000000000000000000046 /* VaultwardenCredentialStoreTests.swift */ = {isa = PBXFileReference; lastKnownFileType = sourcecode.swift; path = VaultwardenCredentialStoreTests.swift; sourceTree = "<group>"; };
		B00000000000000000000047 /* AddAccountModelTests.swift */ = {isa = PBXFileReference; lastKnownFileType = sourcecode.swift; path = AddAccountModelTests.swift; sourceTree = "<group>"; };
		B00000000000000000000048 /* EncryptedStore.swift */ = {isa = PBXFileReference; lastKnownFileType = sourcecode.swift; path = EncryptedStore.swift; sourceTree = "<group>"; };
		B00000000000000000000049 /* EncryptedStoreSchema.swift */ = {isa = PBXFileReference; lastKnownFileType = sourcecode.swift; path = EncryptedStoreSchema.swift; sourceTree = "<group>"; };
		B0000000000000000000004A /* CacheEnvelopeCipher.swift */ = {isa = PBXFileReference; lastKnownFileType = sourcecode.swift; path = CacheEnvelopeCipher.swift; sourceTree = "<group>"; };
		B0000000000000000000004B /* EncryptedStoreSupport.swift */ = {isa = PBXFileReference; lastKnownFileType = sourcecode.swift; path = EncryptedStoreSupport.swift; sourceTree = "<group>"; };
		B0000000000000000000004C /* EncryptedStoreTests.swift */ = {isa = PBXFileReference; lastKnownFileType = sourcecode.swift; path = EncryptedStoreTests.swift; sourceTree = "<group>"; };
		B0000000000000000000004D /* MigrationRegistryTests.swift */ = {isa = PBXFileReference; lastKnownFileType = sourcecode.swift; path = MigrationRegistryTests.swift; sourceTree = "<group>"; };
		B0000000000000000000004E /* CacheEnvelopeCipherTests.swift */ = {isa = PBXFileReference; lastKnownFileType = sourcecode.swift; path = CacheEnvelopeCipherTests.swift; sourceTree = "<group>"; };
/* End PBXFileReference section */

/* Begin PBXFrameworksBuildPhase section */
		D00000000000000000000001 /* Frameworks */ = {
			isa = PBXFrameworksBuildPhase;
			buildActionMask = 2147483647;
			files = (
			);
			runOnlyForDeploymentPostprocessing = 0;
		};
		D00000000000000000000002 /* Frameworks */ = {
			isa = PBXFrameworksBuildPhase;
			buildActionMask = 2147483647;
			files = (
			);
			runOnlyForDeploymentPostprocessing = 0;
		};
		D00000000000000000000003 /* Frameworks */ = {
			isa = PBXFrameworksBuildPhase;
			buildActionMask = 2147483647;
			files = (
			);
			runOnlyForDeploymentPostprocessing = 0;
		};
/* End PBXFrameworksBuildPhase section */

/* Begin PBXGroup section */
		A00000000000000000000017 /* Persistence */ = {
			isa = PBXGroup;
			children = (
				B00000000000000000000048 /* EncryptedStore.swift */,
				B00000000000000000000049 /* EncryptedStoreSchema.swift */,
				B0000000000000000000004A /* CacheEnvelopeCipher.swift */,
			);
			path = Persistence;
			sourceTree = "<group>";
		};
		A00000000000000000000015 /* Storage */ = {
			isa = PBXGroup;
			children = (
				B0000000000000000000003F /* VaultwardenCredentialStore.swift */,
				B00000000000000000000040 /* KeychainCredentialStore.swift */,
				B00000000000000000000041 /* VaultwardenDeviceIdentityStore.swift */,
			);
			path = Storage;
			sourceTree = "<group>";
		};
		A00000000000000000000016 /* AddAccount */ = {
			isa = PBXGroup;
			children = (
				B00000000000000000000042 /* AddAccountModel.swift */,
				B00000000000000000000043 /* AddAccountView.swift */,
				B00000000000000000000044 /* TwoFactorChallengeView.swift */,
			);
			path = AddAccount;
			sourceTree = "<group>";
		};
		A00000000000000000000011 /* Providers */ = {
			isa = PBXGroup;
			children = (
				A00000000000000000000012 /* Vaultwarden */,
			);
			path = Providers;
			sourceTree = "<group>";
		};
		A00000000000000000000012 /* Vaultwarden */ = {
			isa = PBXGroup;
			children = (
				A00000000000000000000013 /* Crypto */,
				A00000000000000000000014 /* Network */,
				A00000000000000000000015 /* Storage */,
			);
			path = Vaultwarden;
			sourceTree = "<group>";
		};
		A00000000000000000000014 /* Network */ = {
			isa = PBXGroup;
			children = (
				B00000000000000000000031 /* VaultwardenEnvironment.swift */,
				B00000000000000000000032 /* VaultwardenAPIError.swift */,
				B00000000000000000000033 /* VaultwardenWireModels.swift */,
				B00000000000000000000034 /* VaultwardenTwoFactor.swift */,
				B00000000000000000000035 /* VaultwardenTransport.swift */,
				B00000000000000000000036 /* VaultwardenAuthenticator.swift */,
				B00000000000000000000037 /* VaultwardenTokenRefresher.swift */,
			);
			path = Network;
			sourceTree = "<group>";
		};
		A00000000000000000000013 /* Crypto */ = {
			isa = PBXGroup;
			children = (
				B00000000000000000000028 /* VaultwardenCryptoError.swift */,
				B00000000000000000000029 /* VaultwardenKeyDerivation.swift */,
				B0000000000000000000002A /* VaultwardenEncString.swift */,
				B0000000000000000000002B /* VaultwardenKeyUnwrap.swift */,
			);
			path = Crypto;
			sourceTree = "<group>";
		};
		A00000000000000000000002 = {
			isa = PBXGroup;
			children = (
				A00000000000000000000004 /* VaultSquire */,
				A0000000000000000000000E /* VaultSquireTests */,
				A0000000000000000000000F /* VaultSquireUITests */,
				A00000000000000000000003 /* Products */,
			);
			sourceTree = "<group>";
		};
		A00000000000000000000003 /* Products */ = {
			isa = PBXGroup;
			children = (
				B00000000000000000000018 /* VaultSquire.app */,
				B00000000000000000000019 /* VaultSquireTests.xctest */,
				B0000000000000000000001A /* VaultSquireUITests.xctest */,
			);
			name = Products;
			sourceTree = "<group>";
		};
		A00000000000000000000004 /* VaultSquire */ = {
			isa = PBXGroup;
			children = (
				A00000000000000000000005 /* App */,
				A00000000000000000000010 /* Domain */,
				A00000000000000000000017 /* Persistence */,
				A00000000000000000000011 /* Providers */,
				A00000000000000000000006 /* Features */,
				A0000000000000000000000A /* Infrastructure */,
				A0000000000000000000000D /* Resources */,
			);
			path = VaultSquire;
			sourceTree = "<group>";
		};
		A00000000000000000000010 /* Domain */ = {
			isa = PBXGroup;
			children = (
				B0000000000000000000001C /* ProviderIdentity.swift */,
				B0000000000000000000001D /* SessionState.swift */,
				B0000000000000000000001E /* ProviderCapability.swift */,
				B0000000000000000000001F /* ProviderCacheEnvelope.swift */,
				B00000000000000000000020 /* VaultItemProjection.swift */,
				B00000000000000000000021 /* VaultProviderFacade.swift */,
				B00000000000000000000022 /* VaultSession.swift */,
			);
			path = Domain;
			sourceTree = "<group>";
		};
		A00000000000000000000005 /* App */ = {
			isa = PBXGroup;
			children = (
				B00000000000000000000001 /* VaultSquireApp.swift */,
				B00000000000000000000002 /* AppDelegate.swift */,
				B00000000000000000000003 /* AppModel.swift */,
				B00000000000000000000004 /* ApplicationCoordinator.swift */,
				B00000000000000000000005 /* WindowRestorationDisabler.swift */,
			);
			path = App;
			sourceTree = "<group>";
		};
		A00000000000000000000006 /* Features */ = {
			isa = PBXGroup;
			children = (
				A00000000000000000000007 /* LockedShell */,
				A00000000000000000000008 /* QuickSearch */,
				A00000000000000000000009 /* Settings */,
				A00000000000000000000016 /* AddAccount */,
			);
			path = Features;
			sourceTree = "<group>";
		};
		A00000000000000000000007 /* LockedShell */ = {
			isa = PBXGroup;
			children = (
				B00000000000000000000006 /* LockedShellView.swift */,
			);
			path = LockedShell;
			sourceTree = "<group>";
		};
		A00000000000000000000008 /* QuickSearch */ = {
			isa = PBXGroup;
			children = (
				B00000000000000000000007 /* QuickSearchPanelController.swift */,
				B00000000000000000000008 /* QuickSearchPanelModel.swift */,
				B00000000000000000000009 /* QuickSearchView.swift */,
			);
			path = QuickSearch;
			sourceTree = "<group>";
		};
		A00000000000000000000009 /* Settings */ = {
			isa = PBXGroup;
			children = (
				B0000000000000000000000A /* SettingsView.swift */,
				B0000000000000000000000B /* SandboxProcessProbeView.swift */,
			);
			path = Settings;
			sourceTree = "<group>";
		};
		A0000000000000000000000A /* Infrastructure */ = {
			isa = PBXGroup;
			children = (
				A0000000000000000000000B /* Diagnostics */,
				A0000000000000000000000C /* Process */,
			);
			path = Infrastructure;
			sourceTree = "<group>";
		};
		A0000000000000000000000B /* Diagnostics */ = {
			isa = PBXGroup;
			children = (
				B0000000000000000000000C /* AppLog.swift */,
				B0000000000000000000000D /* PerformanceTrace.swift */,
			);
			path = Diagnostics;
			sourceTree = "<group>";
		};
		A0000000000000000000000C /* Process */ = {
			isa = PBXGroup;
			children = (
				B0000000000000000000000E /* ProcessProbe.swift */,
			);
			path = Process;
			sourceTree = "<group>";
		};
		A0000000000000000000000D /* Resources */ = {
			isa = PBXGroup;
			children = (
				B0000000000000000000000F /* VaultSquire.entitlements */,
				B00000000000000000000010 /* VaultSquireSandbox.entitlements */,
			);
			path = Resources;
			sourceTree = "<group>";
		};
		A0000000000000000000000E /* VaultSquireTests */ = {
			isa = PBXGroup;
			children = (
				B00000000000000000000011 /* AppModelTests.swift */,
				B00000000000000000000012 /* DiagnosticsTests.swift */,
				B00000000000000000000023 /* FakeVaultProvider.swift */,
				B00000000000000000000013 /* ProcessProbeTests.swift */,
				B00000000000000000000026 /* ProviderCacheEnvelopeTests.swift */,
				B00000000000000000000025 /* ProviderCapabilityTests.swift */,
				B00000000000000000000024 /* ProviderIdentityTests.swift */,
				B00000000000000000000014 /* QuickSearchPanelTests.swift */,
				B00000000000000000000027 /* VaultSessionTests.swift */,
				B0000000000000000000002C /* VaultwardenCryptoFixtures.swift */,
				B0000000000000000000002E /* VaultwardenEncStringTests.swift */,
				B0000000000000000000002D /* VaultwardenKeyDerivationTests.swift */,
				B0000000000000000000002F /* VaultwardenKeyUnwrapTests.swift */,
				B00000000000000000000030 /* VaultwardenCryptoFuzzTests.swift */,
				B00000000000000000000038 /* VaultwardenNetworkTestSupport.swift */,
				B00000000000000000000039 /* VaultwardenEnvironmentTests.swift */,
				B0000000000000000000003A /* VaultwardenTransportTests.swift */,
				B0000000000000000000003B /* VaultwardenErrorTests.swift */,
				B0000000000000000000003C /* VaultwardenAuthenticatorTests.swift */,
				B0000000000000000000003D /* VaultwardenTokenRefresherTests.swift */,
				B0000000000000000000003E /* VaultwardenLeakageTests.swift */,
				B00000000000000000000045 /* VaultwardenCredentialStoreSupport.swift */,
				B00000000000000000000046 /* VaultwardenCredentialStoreTests.swift */,
				B00000000000000000000047 /* AddAccountModelTests.swift */,
				B0000000000000000000004B /* EncryptedStoreSupport.swift */,
				B0000000000000000000004C /* EncryptedStoreTests.swift */,
				B0000000000000000000004D /* MigrationRegistryTests.swift */,
				B0000000000000000000004E /* CacheEnvelopeCipherTests.swift */,
			);
			path = VaultSquireTests;
			sourceTree = "<group>";
		};
		A0000000000000000000000F /* VaultSquireUITests */ = {
			isa = PBXGroup;
			children = (
				B00000000000000000000016 /* VaultSquireUITests.swift */,
				B00000000000000000000017 /* VaultSquireLaunchPerformanceTests.swift */,
				B0000000000000000000001B /* VaultSquireQuickSearchPerformanceTests.swift */,
			);
			path = VaultSquireUITests;
			sourceTree = "<group>";
		};
/* End PBXGroup section */

/* Begin PBXNativeTarget section */
		E00000000000000000000001 /* VaultSquire */ = {
			isa = PBXNativeTarget;
			buildConfigurationList = F00000000000000000000042 /* Build configuration list for PBXNativeTarget "VaultSquire" */;
			buildPhases = (
				D00000000000000000000011 /* Sources */,
				D00000000000000000000001 /* Frameworks */,
				D00000000000000000000021 /* Resources */,
			);
			buildRules = (
			);
			dependencies = (
			);
			name = VaultSquire;
			productName = VaultSquire;
			productReference = B00000000000000000000018 /* VaultSquire.app */;
			productType = "com.apple.product-type.application";
		};
		E00000000000000000000002 /* VaultSquireTests */ = {
			isa = PBXNativeTarget;
			buildConfigurationList = F00000000000000000000043 /* Build configuration list for PBXNativeTarget "VaultSquireTests" */;
			buildPhases = (
				D00000000000000000000012 /* Sources */,
				D00000000000000000000002 /* Frameworks */,
				D00000000000000000000022 /* Resources */,
			);
			buildRules = (
			);
			dependencies = (
				G00000000000000000000011 /* PBXTargetDependency */,
			);
			name = VaultSquireTests;
			productName = VaultSquireTests;
			productReference = B00000000000000000000019 /* VaultSquireTests.xctest */;
			productType = "com.apple.product-type.bundle.unit-test";
		};
		E00000000000000000000003 /* VaultSquireUITests */ = {
			isa = PBXNativeTarget;
			buildConfigurationList = F00000000000000000000044 /* Build configuration list for PBXNativeTarget "VaultSquireUITests" */;
			buildPhases = (
				D00000000000000000000013 /* Sources */,
				D00000000000000000000003 /* Frameworks */,
				D00000000000000000000023 /* Resources */,
			);
			buildRules = (
			);
			dependencies = (
				G00000000000000000000012 /* PBXTargetDependency */,
			);
			name = VaultSquireUITests;
			productName = VaultSquireUITests;
			productReference = B0000000000000000000001A /* VaultSquireUITests.xctest */;
			productType = "com.apple.product-type.bundle.ui-testing";
		};
/* End PBXNativeTarget section */

/* Begin PBXProject section */
		A00000000000000000000001 /* Project object */ = {
			isa = PBXProject;
			attributes = {
				BuildIndependentTargetsInParallel = 1;
				LastSwiftUpdateCheck = 2630;
				LastUpgradeCheck = 2630;
				TargetAttributes = {
					E00000000000000000000001 = {
						CreatedOnToolsVersion = 26.3;
					};
					E00000000000000000000002 = {
						CreatedOnToolsVersion = 26.3;
						TestTargetID = E00000000000000000000001;
					};
					E00000000000000000000003 = {
						CreatedOnToolsVersion = 26.3;
						TestTargetID = E00000000000000000000001;
					};
				};
			};
			buildConfigurationList = F00000000000000000000041 /* Build configuration list for PBXProject "VaultSquire" */;
			compatibilityVersion = "Xcode 15.0";
			developmentRegion = en;
			hasScannedForEncodings = 0;
			knownRegions = (
				en,
				Base,
			);
			mainGroup = A00000000000000000000002;
			productRefGroup = A00000000000000000000003 /* Products */;
			projectDirPath = "";
			projectRoot = "";
			targets = (
				E00000000000000000000001 /* VaultSquire */,
				E00000000000000000000002 /* VaultSquireTests */,
				E00000000000000000000003 /* VaultSquireUITests */,
			);
		};
/* End PBXProject section */

/* Begin PBXResourcesBuildPhase section */
		D00000000000000000000021 /* Resources */ = {
			isa = PBXResourcesBuildPhase;
			buildActionMask = 2147483647;
			files = (
			);
			runOnlyForDeploymentPostprocessing = 0;
		};
		D00000000000000000000022 /* Resources */ = {
			isa = PBXResourcesBuildPhase;
			buildActionMask = 2147483647;
			files = (
			);
			runOnlyForDeploymentPostprocessing = 0;
		};
		D00000000000000000000023 /* Resources */ = {
			isa = PBXResourcesBuildPhase;
			buildActionMask = 2147483647;
			files = (
			);
			runOnlyForDeploymentPostprocessing = 0;
		};
/* End PBXResourcesBuildPhase section */

/* Begin PBXSourcesBuildPhase section */
		D00000000000000000000011 /* Sources */ = {
			isa = PBXSourcesBuildPhase;
			buildActionMask = 2147483647;
			files = (
				C00000000000000000000001 /* VaultSquireApp.swift in Sources */,
				C00000000000000000000002 /* AppDelegate.swift in Sources */,
				C00000000000000000000003 /* AppModel.swift in Sources */,
				C00000000000000000000004 /* ApplicationCoordinator.swift in Sources */,
				C00000000000000000000005 /* WindowRestorationDisabler.swift in Sources */,
				C00000000000000000000006 /* LockedShellView.swift in Sources */,
				C00000000000000000000007 /* QuickSearchPanelController.swift in Sources */,
				C00000000000000000000008 /* QuickSearchPanelModel.swift in Sources */,
				C00000000000000000000009 /* QuickSearchView.swift in Sources */,
				C0000000000000000000000A /* SettingsView.swift in Sources */,
				C0000000000000000000000B /* SandboxProcessProbeView.swift in Sources */,
				C0000000000000000000000C /* AppLog.swift in Sources */,
				C0000000000000000000000D /* PerformanceTrace.swift in Sources */,
				C0000000000000000000000E /* ProcessProbe.swift in Sources */,
				C00000000000000000000025 /* VaultwardenCryptoError.swift in Sources */,
				C00000000000000000000026 /* VaultwardenKeyDerivation.swift in Sources */,
				C00000000000000000000027 /* VaultwardenEncString.swift in Sources */,
				C00000000000000000000028 /* VaultwardenKeyUnwrap.swift in Sources */,
				C0000000000000000000002E /* VaultwardenEnvironment.swift in Sources */,
				C0000000000000000000002F /* VaultwardenAPIError.swift in Sources */,
				C00000000000000000000030 /* VaultwardenWireModels.swift in Sources */,
				C00000000000000000000031 /* VaultwardenTwoFactor.swift in Sources */,
				C00000000000000000000032 /* VaultwardenTransport.swift in Sources */,
				C00000000000000000000033 /* VaultwardenAuthenticator.swift in Sources */,
				C00000000000000000000034 /* VaultwardenTokenRefresher.swift in Sources */,
				C0000000000000000000003C /* VaultwardenCredentialStore.swift in Sources */,
				C0000000000000000000003D /* KeychainCredentialStore.swift in Sources */,
				C0000000000000000000003E /* VaultwardenDeviceIdentityStore.swift in Sources */,
				C0000000000000000000003F /* AddAccountModel.swift in Sources */,
				C00000000000000000000040 /* AddAccountView.swift in Sources */,
				C00000000000000000000041 /* TwoFactorChallengeView.swift in Sources */,
				C00000000000000000000019 /* ProviderIdentity.swift in Sources */,
				C0000000000000000000001A /* SessionState.swift in Sources */,
				C0000000000000000000001B /* ProviderCapability.swift in Sources */,
				C0000000000000000000001C /* ProviderCacheEnvelope.swift in Sources */,
				C0000000000000000000001D /* VaultItemProjection.swift in Sources */,
				C0000000000000000000001E /* VaultProviderFacade.swift in Sources */,
				C0000000000000000000001F /* VaultSession.swift in Sources */,
				C00000000000000000000045 /* EncryptedStore.swift in Sources */,
				C00000000000000000000046 /* EncryptedStoreSchema.swift in Sources */,
				C00000000000000000000047 /* CacheEnvelopeCipher.swift in Sources */,
			);
			runOnlyForDeploymentPostprocessing = 0;
		};
		D00000000000000000000012 /* Sources */ = {
			isa = PBXSourcesBuildPhase;
			buildActionMask = 2147483647;
			files = (
				C00000000000000000000011 /* AppModelTests.swift in Sources */,
				C00000000000000000000012 /* DiagnosticsTests.swift in Sources */,
				C00000000000000000000020 /* FakeVaultProvider.swift in Sources */,
				C00000000000000000000013 /* ProcessProbeTests.swift in Sources */,
				C00000000000000000000029 /* VaultwardenCryptoFixtures.swift in Sources */,
				C0000000000000000000002A /* VaultwardenKeyDerivationTests.swift in Sources */,
				C0000000000000000000002B /* VaultwardenEncStringTests.swift in Sources */,
				C0000000000000000000002C /* VaultwardenKeyUnwrapTests.swift in Sources */,
				C0000000000000000000002D /* VaultwardenCryptoFuzzTests.swift in Sources */,
				C00000000000000000000035 /* VaultwardenNetworkTestSupport.swift in Sources */,
				C00000000000000000000036 /* VaultwardenEnvironmentTests.swift in Sources */,
				C00000000000000000000037 /* VaultwardenTransportTests.swift in Sources */,
				C00000000000000000000038 /* VaultwardenErrorTests.swift in Sources */,
				C00000000000000000000039 /* VaultwardenAuthenticatorTests.swift in Sources */,
				C0000000000000000000003A /* VaultwardenTokenRefresherTests.swift in Sources */,
				C0000000000000000000003B /* VaultwardenLeakageTests.swift in Sources */,
				C00000000000000000000042 /* VaultwardenCredentialStoreSupport.swift in Sources */,
				C00000000000000000000043 /* VaultwardenCredentialStoreTests.swift in Sources */,
				C00000000000000000000044 /* AddAccountModelTests.swift in Sources */,
				C00000000000000000000023 /* ProviderCacheEnvelopeTests.swift in Sources */,
				C00000000000000000000022 /* ProviderCapabilityTests.swift in Sources */,
				C00000000000000000000021 /* ProviderIdentityTests.swift in Sources */,
				C00000000000000000000014 /* QuickSearchPanelTests.swift in Sources */,
				C00000000000000000000024 /* VaultSessionTests.swift in Sources */,
				C00000000000000000000048 /* EncryptedStoreSupport.swift in Sources */,
				C00000000000000000000049 /* EncryptedStoreTests.swift in Sources */,
				C0000000000000000000004A /* MigrationRegistryTests.swift in Sources */,
				C0000000000000000000004B /* CacheEnvelopeCipherTests.swift in Sources */,
			);
			runOnlyForDeploymentPostprocessing = 0;
		};
		D00000000000000000000013 /* Sources */ = {
			isa = PBXSourcesBuildPhase;
			buildActionMask = 2147483647;
			files = (
				C00000000000000000000016 /* VaultSquireUITests.swift in Sources */,
				C00000000000000000000017 /* VaultSquireLaunchPerformanceTests.swift in Sources */,
				C00000000000000000000018 /* VaultSquireQuickSearchPerformanceTests.swift in Sources */,
			);
			runOnlyForDeploymentPostprocessing = 0;
		};
/* End PBXSourcesBuildPhase section */

/* Begin PBXTargetDependency section */
		G00000000000000000000011 /* PBXTargetDependency */ = {
			isa = PBXTargetDependency;
			target = E00000000000000000000001 /* VaultSquire */;
			targetProxy = G00000000000000000000001 /* PBXContainerItemProxy */;
		};
		G00000000000000000000012 /* PBXTargetDependency */ = {
			isa = PBXTargetDependency;
			target = E00000000000000000000001 /* VaultSquire */;
			targetProxy = G00000000000000000000002 /* PBXContainerItemProxy */;
		};
/* End PBXTargetDependency section */

/* Begin XCBuildConfiguration section */
		F00000000000000000000001 /* Debug */ = {
			isa = XCBuildConfiguration;
			buildSettings = {
				ALWAYS_SEARCH_USER_PATHS = NO;
				ARCHS = arm64;
				CLANG_ANALYZER_NONNULL = YES;
				CLANG_ANALYZER_NUMBER_OBJECT_CONVERSION = YES_AGGRESSIVE;
				CLANG_CXX_LANGUAGE_STANDARD = "gnu++20";
				CLANG_ENABLE_MODULES = YES;
				CLANG_ENABLE_OBJC_ARC = YES;
				CLANG_WARN_BLOCK_CAPTURE_AUTORELEASING = YES;
				CLANG_WARN_BOOL_CONVERSION = YES;
				CLANG_WARN_COMMA = YES;
				CLANG_WARN_CONSTANT_CONVERSION = YES;
				CLANG_WARN_DEPRECATED_OBJC_IMPLEMENTATIONS = YES;
				CLANG_WARN_DIRECT_OBJC_ISA_USAGE = YES_ERROR;
				CLANG_WARN_DOCUMENTATION_COMMENTS = YES;
				CLANG_WARN_EMPTY_BODY = YES;
				CLANG_WARN_ENUM_CONVERSION = YES;
				CLANG_WARN_INFINITE_RECURSION = YES;
				CLANG_WARN_INT_CONVERSION = YES;
				CLANG_WARN_NON_LITERAL_NULL_CONVERSION = YES;
				CLANG_WARN_OBJC_IMPLICIT_RETAIN_SELF = YES;
				CLANG_WARN_OBJC_LITERAL_CONVERSION = YES;
				CLANG_WARN_OBJC_ROOT_CLASS = YES_ERROR;
				CLANG_WARN_QUOTED_INCLUDE_IN_FRAMEWORK_HEADER = YES;
				CLANG_WARN_RANGE_LOOP_ANALYSIS = YES;
				CLANG_WARN_STRICT_PROTOTYPES = YES;
				CLANG_WARN_SUSPICIOUS_MOVE = YES;
				CLANG_WARN_UNGUARDED_AVAILABILITY = YES_AGGRESSIVE;
				CLANG_WARN_UNREACHABLE_CODE = YES;
				CLANG_WARN__DUPLICATE_METHOD_MATCH = YES;
				COPY_PHASE_STRIP = NO;
				DEBUG_INFORMATION_FORMAT = dwarf;
				ENABLE_STRICT_OBJC_MSGSEND = YES;
				ENABLE_TESTABILITY = YES;
				ENABLE_USER_SCRIPT_SANDBOXING = YES;
				GCC_C_LANGUAGE_STANDARD = gnu17;
				GCC_DYNAMIC_NO_PIC = NO;
				GCC_NO_COMMON_BLOCKS = YES;
				GCC_OPTIMIZATION_LEVEL = 0;
				GCC_PREPROCESSOR_DEFINITIONS = (
					"DEBUG=1",
					"$(inherited)",
				);
				GCC_WARN_64_TO_32_BIT_CONVERSION = YES;
				GCC_WARN_ABOUT_RETURN_TYPE = YES_ERROR;
				GCC_WARN_UNDECLARED_SELECTOR = YES;
				GCC_WARN_UNINITIALIZED_AUTOS = YES_AGGRESSIVE;
				GCC_WARN_UNUSED_FUNCTION = YES;
				GCC_WARN_UNUSED_VARIABLE = YES;
				MACOSX_DEPLOYMENT_TARGET = 14.0;
				MTL_ENABLE_DEBUG_INFO = INCLUDE_SOURCE;
				MTL_FAST_MATH = YES;
				ONLY_ACTIVE_ARCH = NO;
				SDKROOT = macosx;
				SWIFT_ACTIVE_COMPILATION_CONDITIONS = "DEBUG $(inherited)";
				SWIFT_OPTIMIZATION_LEVEL = "-Onone";
				SWIFT_STRICT_CONCURRENCY = complete;
				SWIFT_VERSION = 6.0;
			};
			name = Debug;
		};
		F00000000000000000000002 /* Release */ = {
			isa = XCBuildConfiguration;
			buildSettings = {
				ALWAYS_SEARCH_USER_PATHS = NO;
				ARCHS = arm64;
				CLANG_ANALYZER_NONNULL = YES;
				CLANG_ANALYZER_NUMBER_OBJECT_CONVERSION = YES_AGGRESSIVE;
				CLANG_CXX_LANGUAGE_STANDARD = "gnu++20";
				CLANG_ENABLE_MODULES = YES;
				CLANG_ENABLE_OBJC_ARC = YES;
				CLANG_WARN_BLOCK_CAPTURE_AUTORELEASING = YES;
				CLANG_WARN_BOOL_CONVERSION = YES;
				CLANG_WARN_COMMA = YES;
				CLANG_WARN_CONSTANT_CONVERSION = YES;
				CLANG_WARN_DEPRECATED_OBJC_IMPLEMENTATIONS = YES;
				CLANG_WARN_DIRECT_OBJC_ISA_USAGE = YES_ERROR;
				CLANG_WARN_DOCUMENTATION_COMMENTS = YES;
				CLANG_WARN_EMPTY_BODY = YES;
				CLANG_WARN_ENUM_CONVERSION = YES;
				CLANG_WARN_INFINITE_RECURSION = YES;
				CLANG_WARN_INT_CONVERSION = YES;
				CLANG_WARN_NON_LITERAL_NULL_CONVERSION = YES;
				CLANG_WARN_OBJC_IMPLICIT_RETAIN_SELF = YES;
				CLANG_WARN_OBJC_LITERAL_CONVERSION = YES;
				CLANG_WARN_OBJC_ROOT_CLASS = YES_ERROR;
				CLANG_WARN_QUOTED_INCLUDE_IN_FRAMEWORK_HEADER = YES;
				CLANG_WARN_RANGE_LOOP_ANALYSIS = YES;
				CLANG_WARN_STRICT_PROTOTYPES = YES;
				CLANG_WARN_SUSPICIOUS_MOVE = YES;
				CLANG_WARN_UNGUARDED_AVAILABILITY = YES_AGGRESSIVE;
				CLANG_WARN_UNREACHABLE_CODE = YES;
				CLANG_WARN__DUPLICATE_METHOD_MATCH = YES;
				COPY_PHASE_STRIP = NO;
				DEBUG_INFORMATION_FORMAT = "dwarf-with-dsym";
				ENABLE_NS_ASSERTIONS = NO;
				ENABLE_STRICT_OBJC_MSGSEND = YES;
				ENABLE_USER_SCRIPT_SANDBOXING = YES;
				GCC_C_LANGUAGE_STANDARD = gnu17;
				GCC_NO_COMMON_BLOCKS = YES;
				GCC_WARN_64_TO_32_BIT_CONVERSION = YES;
				GCC_WARN_ABOUT_RETURN_TYPE = YES_ERROR;
				GCC_WARN_UNDECLARED_SELECTOR = YES;
				GCC_WARN_UNINITIALIZED_AUTOS = YES_AGGRESSIVE;
				GCC_WARN_UNUSED_FUNCTION = YES;
				GCC_WARN_UNUSED_VARIABLE = YES;
				MACOSX_DEPLOYMENT_TARGET = 14.0;
				MTL_ENABLE_DEBUG_INFO = NO;
				MTL_FAST_MATH = YES;
				ONLY_ACTIVE_ARCH = NO;
				SDKROOT = macosx;
				SWIFT_COMPILATION_MODE = wholemodule;
				SWIFT_OPTIMIZATION_LEVEL = "-O";
				SWIFT_STRICT_CONCURRENCY = complete;
				SWIFT_VERSION = 6.0;
			};
			name = Release;
		};
		F00000000000000000000003 /* SandboxProbe */ = {
			isa = XCBuildConfiguration;
			buildSettings = {
				ALWAYS_SEARCH_USER_PATHS = NO;
				ARCHS = arm64;
				CLANG_ANALYZER_NONNULL = YES;
				CLANG_ANALYZER_NUMBER_OBJECT_CONVERSION = YES_AGGRESSIVE;
				CLANG_CXX_LANGUAGE_STANDARD = "gnu++20";
				CLANG_ENABLE_MODULES = YES;
				CLANG_ENABLE_OBJC_ARC = YES;
				CLANG_WARN_BOOL_CONVERSION = YES;
				CLANG_WARN_CONSTANT_CONVERSION = YES;
				CLANG_WARN_ENUM_CONVERSION = YES;
				CLANG_WARN_INT_CONVERSION = YES;
				CLANG_WARN_UNREACHABLE_CODE = YES;
				COPY_PHASE_STRIP = NO;
				DEBUG_INFORMATION_FORMAT = "dwarf-with-dsym";
				ENABLE_NS_ASSERTIONS = NO;
				ENABLE_STRICT_OBJC_MSGSEND = YES;
				ENABLE_TESTABILITY = YES;
				ENABLE_USER_SCRIPT_SANDBOXING = YES;
				GCC_C_LANGUAGE_STANDARD = gnu17;
				GCC_NO_COMMON_BLOCKS = YES;
				MACOSX_DEPLOYMENT_TARGET = 14.0;
				ONLY_ACTIVE_ARCH = NO;
				SDKROOT = macosx;
				SWIFT_ACTIVE_COMPILATION_CONDITIONS = "SANDBOX_PROCESS_PROBE $(inherited)";
				SWIFT_COMPILATION_MODE = wholemodule;
				SWIFT_OPTIMIZATION_LEVEL = "-O";
				SWIFT_STRICT_CONCURRENCY = complete;
				SWIFT_VERSION = 6.0;
			};
			name = SandboxProbe;
		};
		F00000000000000000000011 /* Debug */ = {
			isa = XCBuildConfiguration;
			buildSettings = {
				CODE_SIGN_ENTITLEMENTS = VaultSquire/Resources/VaultSquire.entitlements;
				CODE_SIGN_IDENTITY = "Apple Development";
				CODE_SIGN_STYLE = Automatic;
				COMBINE_HIDPI_IMAGES = YES;
				CURRENT_PROJECT_VERSION = 1;
				DEAD_CODE_STRIPPING = YES;
				DEVELOPMENT_TEAM = 9RLMVKLT3Q;
				ENABLE_HARDENED_RUNTIME = YES;
				ENABLE_PREVIEWS = YES;
				GENERATE_INFOPLIST_FILE = YES;
				INFOPLIST_KEY_CFBundleDisplayName = VaultSquire;
				INFOPLIST_KEY_LSApplicationCategoryType = "public.app-category.productivity";
				INFOPLIST_KEY_NSHumanReadableCopyright = "Copyright 2026 VaultSquire contributors";
				INFOPLIST_KEY_NSQuitAlwaysKeepsWindows = NO;
				LD_RUNPATH_SEARCH_PATHS = (
					"$(inherited)",
					"@executable_path/../Frameworks",
				);
				MARKETING_VERSION = 0.1.0;
				PRODUCT_BUNDLE_IDENTIFIER = ch.lkmc.VaultSquire;
				PRODUCT_NAME = "$(TARGET_NAME)";
				PROVISIONING_PROFILE_SPECIFIER = "";
				REGISTER_APP_GROUPS = YES;
				SUPPORTED_PLATFORMS = macosx;
				SWIFT_EMIT_LOC_STRINGS = YES;
			};
			name = Debug;
		};
		F00000000000000000000012 /* Release */ = {
			isa = XCBuildConfiguration;
			buildSettings = {
				CODE_SIGN_ENTITLEMENTS = VaultSquire/Resources/VaultSquire.entitlements;
				CODE_SIGN_IDENTITY = "Apple Development";
				CODE_SIGN_STYLE = Automatic;
				COMBINE_HIDPI_IMAGES = YES;
				CURRENT_PROJECT_VERSION = 1;
				DEAD_CODE_STRIPPING = YES;
				DEVELOPMENT_TEAM = 9RLMVKLT3Q;
				ENABLE_HARDENED_RUNTIME = YES;
				GENERATE_INFOPLIST_FILE = YES;
				INFOPLIST_KEY_CFBundleDisplayName = VaultSquire;
				INFOPLIST_KEY_LSApplicationCategoryType = "public.app-category.productivity";
				INFOPLIST_KEY_NSHumanReadableCopyright = "Copyright 2026 VaultSquire contributors";
				INFOPLIST_KEY_NSQuitAlwaysKeepsWindows = NO;
				LD_RUNPATH_SEARCH_PATHS = (
					"$(inherited)",
					"@executable_path/../Frameworks",
				);
				MARKETING_VERSION = 0.1.0;
				PRODUCT_BUNDLE_IDENTIFIER = ch.lkmc.VaultSquire;
				PRODUCT_NAME = "$(TARGET_NAME)";
				PROVISIONING_PROFILE_SPECIFIER = "";
				REGISTER_APP_GROUPS = YES;
				SUPPORTED_PLATFORMS = macosx;
				SWIFT_EMIT_LOC_STRINGS = YES;
			};
			name = Release;
		};
		F00000000000000000000013 /* SandboxProbe */ = {
			isa = XCBuildConfiguration;
			buildSettings = {
				CODE_SIGN_ENTITLEMENTS = VaultSquire/Resources/VaultSquireSandbox.entitlements;
				CODE_SIGN_IDENTITY = "Apple Development";
				CODE_SIGN_STYLE = Automatic;
				COMBINE_HIDPI_IMAGES = YES;
				CURRENT_PROJECT_VERSION = 1;
				DEAD_CODE_STRIPPING = YES;
				DEVELOPMENT_TEAM = 9RLMVKLT3Q;
				ENABLE_HARDENED_RUNTIME = YES;
				GENERATE_INFOPLIST_FILE = YES;
				INFOPLIST_KEY_CFBundleDisplayName = "VaultSquire Sandbox Probe";
				INFOPLIST_KEY_LSApplicationCategoryType = "public.app-category.developer-tools";
				INFOPLIST_KEY_NSHumanReadableCopyright = "Copyright 2026 VaultSquire contributors";
				INFOPLIST_KEY_NSQuitAlwaysKeepsWindows = NO;
				LD_RUNPATH_SEARCH_PATHS = (
					"$(inherited)",
					"@executable_path/../Frameworks",
				);
				MARKETING_VERSION = 0.1.0;
				PRODUCT_BUNDLE_IDENTIFIER = ch.lkmc.VaultSquire.SandboxProbe;
				PRODUCT_NAME = VaultSquire;
				PROVISIONING_PROFILE_SPECIFIER = "";
				REGISTER_APP_GROUPS = YES;
				SUPPORTED_PLATFORMS = macosx;
				SWIFT_EMIT_LOC_STRINGS = YES;
			};
			name = SandboxProbe;
		};
		F00000000000000000000021 /* Debug */ = {
			isa = XCBuildConfiguration;
			buildSettings = {
				BUNDLE_LOADER = "$(TEST_HOST)";
				CODE_SIGN_IDENTITY = "-";
				CODE_SIGN_STYLE = Manual;
				GENERATE_INFOPLIST_FILE = YES;
				LD_RUNPATH_SEARCH_PATHS = (
					"$(inherited)",
					"@executable_path/../Frameworks",
					"@loader_path/../Frameworks",
				);
				PRODUCT_BUNDLE_IDENTIFIER = ch.lkmc.VaultSquire.Tests;
				PRODUCT_NAME = "$(TARGET_NAME)";
				SUPPORTED_PLATFORMS = macosx;
				TEST_HOST = "$(BUILT_PRODUCTS_DIR)/VaultSquire.app/Contents/MacOS/VaultSquire";
			};
			name = Debug;
		};
		F00000000000000000000022 /* Release */ = {
			isa = XCBuildConfiguration;
			buildSettings = {
				BUNDLE_LOADER = "$(TEST_HOST)";
				CODE_SIGN_IDENTITY = "-";
				CODE_SIGN_STYLE = Manual;
				GENERATE_INFOPLIST_FILE = YES;
				LD_RUNPATH_SEARCH_PATHS = (
					"$(inherited)",
					"@executable_path/../Frameworks",
					"@loader_path/../Frameworks",
				);
				PRODUCT_BUNDLE_IDENTIFIER = ch.lkmc.VaultSquire.Tests;
				PRODUCT_NAME = "$(TARGET_NAME)";
				SUPPORTED_PLATFORMS = macosx;
				TEST_HOST = "$(BUILT_PRODUCTS_DIR)/VaultSquire.app/Contents/MacOS/VaultSquire";
			};
			name = Release;
		};
		F00000000000000000000023 /* SandboxProbe */ = {
			isa = XCBuildConfiguration;
			buildSettings = {
				BUNDLE_LOADER = "$(TEST_HOST)";
				CODE_SIGN_IDENTITY = "-";
				CODE_SIGN_STYLE = Manual;
				GENERATE_INFOPLIST_FILE = YES;
				PRODUCT_BUNDLE_IDENTIFIER = ch.lkmc.VaultSquire.Tests;
				PRODUCT_NAME = "$(TARGET_NAME)";
				SUPPORTED_PLATFORMS = macosx;
				TEST_HOST = "$(BUILT_PRODUCTS_DIR)/VaultSquire.app/Contents/MacOS/VaultSquire";
			};
			name = SandboxProbe;
		};
		F00000000000000000000031 /* Debug */ = {
			isa = XCBuildConfiguration;
			buildSettings = {
				CODE_SIGN_IDENTITY = "-";
				CODE_SIGN_STYLE = Manual;
				GENERATE_INFOPLIST_FILE = YES;
				PRODUCT_BUNDLE_IDENTIFIER = ch.lkmc.VaultSquire.UITests;
				PRODUCT_NAME = "$(TARGET_NAME)";
				SUPPORTED_PLATFORMS = macosx;
				TEST_TARGET_NAME = VaultSquire;
			};
			name = Debug;
		};
		F00000000000000000000032 /* Release */ = {
			isa = XCBuildConfiguration;
			buildSettings = {
				CODE_SIGN_IDENTITY = "-";
				CODE_SIGN_STYLE = Manual;
				GENERATE_INFOPLIST_FILE = YES;
				PRODUCT_BUNDLE_IDENTIFIER = ch.lkmc.VaultSquire.UITests;
				PRODUCT_NAME = "$(TARGET_NAME)";
				SUPPORTED_PLATFORMS = macosx;
				TEST_TARGET_NAME = VaultSquire;
			};
			name = Release;
		};
		F00000000000000000000033 /* SandboxProbe */ = {
			isa = XCBuildConfiguration;
			buildSettings = {
				CODE_SIGN_IDENTITY = "-";
				CODE_SIGN_STYLE = Manual;
				GENERATE_INFOPLIST_FILE = YES;
				PRODUCT_BUNDLE_IDENTIFIER = ch.lkmc.VaultSquire.UITests;
				PRODUCT_NAME = "$(TARGET_NAME)";
				SUPPORTED_PLATFORMS = macosx;
				TEST_TARGET_NAME = VaultSquire;
			};
			name = SandboxProbe;
		};
/* End XCBuildConfiguration section */

/* Begin XCConfigurationList section */
		F00000000000000000000041 /* Build configuration list for PBXProject "VaultSquire" */ = {
			isa = XCConfigurationList;
			buildConfigurations = (
				F00000000000000000000001 /* Debug */,
				F00000000000000000000002 /* Release */,
				F00000000000000000000003 /* SandboxProbe */,
			);
			defaultConfigurationIsVisible = 0;
			defaultConfigurationName = Release;
		};
		F00000000000000000000042 /* Build configuration list for PBXNativeTarget "VaultSquire" */ = {
			isa = XCConfigurationList;
			buildConfigurations = (
				F00000000000000000000011 /* Debug */,
				F00000000000000000000012 /* Release */,
				F00000000000000000000013 /* SandboxProbe */,
			);
			defaultConfigurationIsVisible = 0;
			defaultConfigurationName = Release;
		};
		F00000000000000000000043 /* Build configuration list for PBXNativeTarget "VaultSquireTests" */ = {
			isa = XCConfigurationList;
			buildConfigurations = (
				F00000000000000000000021 /* Debug */,
				F00000000000000000000022 /* Release */,
				F00000000000000000000023 /* SandboxProbe */,
			);
			defaultConfigurationIsVisible = 0;
			defaultConfigurationName = Debug;
		};
		F00000000000000000000044 /* Build configuration list for PBXNativeTarget "VaultSquireUITests" */ = {
			isa = XCConfigurationList;
			buildConfigurations = (
				F00000000000000000000031 /* Debug */,
				F00000000000000000000032 /* Release */,
				F00000000000000000000033 /* SandboxProbe */,
			);
			defaultConfigurationIsVisible = 0;
			defaultConfigurationName = Debug;
		};
/* End XCConfigurationList section */
	};
	rootObject = A00000000000000000000001 /* Project object */;
}
